
Microsoft Visual Studio Solution File, Format Version 12.00
# Visual Studio Version 17
VisualStudioVersion = 17.2.32516.85
MinimumVisualStudioVersion = 10.0.40219.1
Project("{9A19103F-16F7-4668-BE54-9A1E7A4F7556}") = "LearnAcademyAPI", "LearnAcademy\LearnAcademyAPI.csproj", "{690A9DD0-FB7A-4411-9636-E349A82A4E6E}"
EndProject
Project("{FAE04EC0-301F-11D3-BF4B-00C04F79EFBC}") = "LearnAcademyBL", "LearnAcademyBL\LearnAcademyBL.csproj", "{52BC13A2-8ECF-4532-9C8E-A5C2DE5CF931}"
EndProject
Project("{FAE04EC0-301F-11D3-BF4B-00C04F79EFBC}") = "LearnAcademyDAL", "LearnAcademyDAL\LearnAcademyDAL.csproj", "{265DCFEE-84CD-4D04-8EF4-985186963246}"
EndProject
Project("{FAE04EC0-301F-11D3-BF4B-00C04F79EFBC}") = "LearnAcademyCommon", "LearnAcademyCommon\LearnAcademyCommon.csproj", "{3C0B3268-456F-48A5-BCF5-C5FEA016B520}"
EndProject
Global
	GlobalSection(SolutionConfigurationPlatforms) = preSolution
		Debug|Any CPU = Debug|Any CPU
		Release|Any CPU = Release|Any CPU
	EndGlobalSection
	GlobalSection(ProjectConfigurationPlatforms) = postSolution
		{690A9DD0-FB7A-4411-9636-E349A82A4E6E}.Debug|Any CPU.ActiveCfg = Debug|Any CPU
		{690A9DD0-FB7A-4411-9636-E349A82A4E6E}.Debug|Any CPU.Build.0 = Debug|Any CPU
		{690A9DD0-FB7A-4411-9636-E349A82A4E6E}.Release|Any CPU.ActiveCfg = Release|Any CPU
		{690A9DD0-FB7A-4411-9636-E349A82A4E6E}.Release|Any CPU.Build.0 = Release|Any CPU
		{52BC13A2-8ECF-4532-9C8E-A5C2DE5CF931}.Debug|Any CPU.ActiveCfg = Debug|Any CPU
		{52BC13A2-8ECF-4532-9C8E-A5C2DE5CF931}.Debug|Any CPU.Build.0 = Debug|Any CPU
		{52BC13A2-8ECF-4532-9C8E-A5C2DE5CF931}.Release|Any CPU.ActiveCfg = Release|Any CPU
		{52BC13A2-8ECF-4532-9C8E-A5C2DE5CF931}.Release|Any CPU.Build.0 = Release|Any CPU
		{265DCFEE-84CD-4D04-8EF4-985186963246}.Debug|Any CPU.ActiveCfg = Debug|Any CPU
		{265DCFEE-84CD-4D04-8EF4-985186963246}.Debug|Any CPU.Build.0 = Debug|Any CPU
		{265DCFEE-84CD-4D04-8EF4-985186963246}.Release|Any CPU.ActiveCfg = Release|Any CPU
		{265DCFEE-84CD-4D04-8EF4-985186963246}.Release|Any CPU.Build.0 = Release|Any CPU
		{3C0B3268-456F-48A5-BCF5-C5FEA016B520}.Debug|Any CPU.ActiveCfg = Debug|Any CPU
		{3C0B3268-456F-48A5-BCF5-C5FEA016B520}.Debug|Any CPU.Build.0 = Debug|Any CPU
		{3C0B3268-456F-48A5-BCF5-C5FEA016B520}.Release|Any CPU.ActiveCfg = Release|Any CPU
		{3C0B3268-456F-48A5-BCF5-C5FEA016B520}.Release|Any CPU.Build.0 = Release|Any CPU
	EndGlobalSection
	GlobalSection(SolutionProperties) = preSolution
		HideSolutionNode = FALSE
	EndGlobalSection
	GlobalSection(ExtensibilityGlobals) = postSolution
		SolutionGuid = {4F535A0A-B961-40D3-A5A8-0DF4F18B09E9}
	EndGlobalSection
EndGlobal
